
Microsoft Visual Studio Solution File, Format Version 12.00
# Visual Studio Version 16
VisualStudioVersion = 16.0.32002.261
MinimumVisualStudioVersion = 10.0.40219.1
Project("{FAE04EC0-301F-11D3-BF4B-00C04F79EFBC}") = "WeathersBot", "WeathersBot\WeathersBot.csproj", "{BC2E769C-6B93-46FB-8DB7-53C97A52F75A}"
EndProject
Global
	GlobalSection(SolutionConfigurationPlatforms) = preSolution
		Debug|Any CPU = Debug|Any CPU
		Release|Any CPU = Release|Any CPU
	EndGlobalSection
	GlobalSection(ProjectConfigurationPlatforms) = postSolution
		{BC2E769C-6B93-46FB-8DB7-53C97A52F75A}.Debug|Any CPU.ActiveCfg = Debug|Any CPU
		{BC2E769C-6B93-46FB-8DB7-53C97A52F75A}.Debug|Any CPU.Build.0 = Debug|Any CPU
		{BC2E769C-6B93-46FB-8DB7-53C97A52F75A}.Release|Any CPU.ActiveCfg = Release|Any CPU
		{BC2E769C-6B93-46FB-8DB7-53C97A52F75A}.Release|Any CPU.Build.0 = Release|Any CPU
	EndGlobalSection
	GlobalSection(SolutionProperties) = preSolution
		HideSolutionNode = FALSE
	EndGlobalSection
	GlobalSection(ExtensibilityGlobals) = postSolution
		SolutionGuid = {6B91EE4A-2451-473C-A06C-479378D16F1E}
	EndGlobalSection
EndGlobal
